// !$*UTF8*$!
{
	archiveVersion = 1;
	classes = {
	};
	objectVersion = 50;
	objects = {

/* Begin PBXBuildFile section */
		7D1B5C302395340E0061D0CF /* CustomTimeViewController.swift in Sources */ = {isa = PBXBuildFile; fileRef = 7D1B5C2F2395340E0061D0CF /* CustomTimeViewController.swift */; };
		7D1B5C34239934440061D0CF /* Dimness.swift in Sources */ = {isa = PBXBuildFile; fileRef = 7D1B5C33239934440061D0CF /* Dimness.swift */; };
		7D1B5C372399AE770061D0CF /* NSWindow+Fade.swift in Sources */ = {isa = PBXBuildFile; fileRef = 7D1B5C362399AE770061D0CF /* NSWindow+Fade.swift */; };
		7D1B5C39239A39BB0061D0CF /* StateManager.swift in Sources */ = {isa = PBXBuildFile; fileRef = 7D1B5C38239A39BB0061D0CF /* StateManager.swift */; };
		7D3E6F2723A0902700D88A16 /* LaunchAtLogin.framework.dSYM in CopyFiles */ = {isa = PBXBuildFile; fileRef = 7D3E6F2623A0902700D88A16 /* LaunchAtLogin.framework.dSYM */; };
		7D67CB8424B2E72600FF330B /* Utils.swift in Sources */ = {isa = PBXBuildFile; fileRef = 7D67CB8324B2E72600FF330B /* Utils.swift */; };
		7D6A1022235F300100BB75EB /* CoreBrightness.framework in Frameworks */ = {isa = PBXBuildFile; fileRef = 7D6A1021235F300100BB75EB /* CoreBrightness.framework */; };
		7D6EE5DA23A088C60011D52C /* Cartfile in Resources */ = {isa = PBXBuildFile; fileRef = 7D6EE5D923A088C60011D52C /* Cartfile */; };
		7D6EE5DC23A088FB0011D52C /* LaunchAtLogin.framework in Frameworks */ = {isa = PBXBuildFile; fileRef = 7D6EE5DB23A088FB0011D52C /* LaunchAtLogin.framework */; };
		7D6EE5DD23A088FB0011D52C /* LaunchAtLogin.framework in Embed Frameworks */ = {isa = PBXBuildFile; fileRef = 7D6EE5DB23A088FB0011D52C /* LaunchAtLogin.framework */; settings = {ATTRIBUTES = (CodeSignOnCopy, RemoveHeadersOnCopy, ); }; };
		7D874589238BFA0F00A676F1 /* DimnessSliderView.swift in Sources */ = {isa = PBXBuildFile; fileRef = 7D874588238BFA0F00A676F1 /* DimnessSliderView.swift */; };
		7D87458B238BFB5A00A676F1 /* DimnessWindowController.swift in Sources */ = {isa = PBXBuildFile; fileRef = 7D87458A238BFB5A00A676F1 /* DimnessWindowController.swift */; };
		7D8F091A24AC7ECA003DA62E /* TouchBar.swift in Sources */ = {isa = PBXBuildFile; fileRef = 7D8F091924AC7ECA003DA62E /* TouchBar.swift */; };
		7D980D8924B06B5F009FAF8B /* AboutViewController.swift in Sources */ = {isa = PBXBuildFile; fileRef = 7D980D8824B06B5F009FAF8B /* AboutViewController.swift */; };
		7D980D8B24B18D9B009FAF8B /* MASShortcut.framework in Frameworks */ = {isa = PBXBuildFile; fileRef = 7D980D8A24B18D9B009FAF8B /* MASShortcut.framework */; };
		7D980D8C24B18D9B009FAF8B /* MASShortcut.framework in Embed Frameworks */ = {isa = PBXBuildFile; fileRef = 7D980D8A24B18D9B009FAF8B /* MASShortcut.framework */; settings = {ATTRIBUTES = (CodeSignOnCopy, RemoveHeadersOnCopy, ); }; };
		7DA0D20A248C9D8900F9C6A9 /* DFRFoundation.framework in Frameworks */ = {isa = PBXBuildFile; fileRef = 7DA0D209248C9D8900F9C6A9 /* DFRFoundation.framework */; };
		7DA0D20B248C9D8900F9C6A9 /* DFRFoundation.framework in Embed Frameworks */ = {isa = PBXBuildFile; fileRef = 7DA0D209248C9D8900F9C6A9 /* DFRFoundation.framework */; settings = {ATTRIBUTES = (CodeSignOnCopy, RemoveHeadersOnCopy, ); }; };
		7DA5B1F4238BAC8000FE0597 /* MenuController.swift in Sources */ = {isa = PBXBuildFile; fileRef = 7DA5B1F3238BAC8000FE0597 /* MenuController.swift */; };
		7DA5B1F6238BAD6F00FE0597 /* NightShiftSliderView.swift in Sources */ = {isa = PBXBuildFile; fileRef = 7DA5B1F5238BAD6F00FE0597 /* NightShiftSliderView.swift */; };
		7DA5B1F9238BAF9500FE0597 /* NightShift.swift in Sources */ = {isa = PBXBuildFile; fileRef = 7DA5B1F8238BAF9500FE0597 /* NightShift.swift */; };
		7DF1F92D2356AFAA0041E9CA /* AppDelegate.swift in Sources */ = {isa = PBXBuildFile; fileRef = 7DF1F92C2356AFAA0041E9CA /* AppDelegate.swift */; };
		7DF1F9312356AFB00041E9CA /* Assets.xcassets in Resources */ = {isa = PBXBuildFile; fileRef = 7DF1F9302356AFB00041E9CA /* Assets.xcassets */; };
		7DF1F9342356AFB00041E9CA /* Main.storyboard in Resources */ = {isa = PBXBuildFile; fileRef = 7DF1F9322356AFB00041E9CA /* Main.storyboard */; };
		7DF36EA7239E730C000CFB5A /* Shortcuts.swift in Sources */ = {isa = PBXBuildFile; fileRef = 7DF36EA6239E730C000CFB5A /* Shortcuts.swift */; };
		7DF36EAA239EFB29000CFB5A /* PreferencesViewController.swift in Sources */ = {isa = PBXBuildFile; fileRef = 7DF36EA9239EFB29000CFB5A /* PreferencesViewController.swift */; };
		7DF36EAE239F6AED000CFB5A /* HyperLinkTextField.swift in Sources */ = {isa = PBXBuildFile; fileRef = 7DF36EAD239F6AED000CFB5A /* HyperLinkTextField.swift */; };
/* End PBXBuildFile section */

/* Begin PBXCopyFilesBuildPhase section */
		7D568993235EFE4700A51FC5 /* Embed Frameworks */ = {
			isa = PBXCopyFilesBuildPhase;
			buildActionMask = 2147483647;
			dstPath = "";
			dstSubfolderSpec = 10;
			files = (
				7D980D8C24B18D9B009FAF8B /* MASShortcut.framework in Embed Frameworks */,
				7DA0D20B248C9D8900F9C6A9 /* DFRFoundation.framework in Embed Frameworks */,
				7D6EE5DD23A088FB0011D52C /* LaunchAtLogin.framework in Embed Frameworks */,
			);
			name = "Embed Frameworks";
			runOnlyForDeploymentPostprocessing = 0;
		};
		7D6EE5DE23A089070011D52C /* CopyFiles */ = {
			isa = PBXCopyFilesBuildPhase;
			buildActionMask = 2147483647;
			dstPath = "";
			dstSubfolderSpec = 16;
			files = (
				7D3E6F2723A0902700D88A16 /* LaunchAtLogin.framework.dSYM in CopyFiles */,
			);
			runOnlyForDeploymentPostprocessing = 0;
		};
/* End PBXCopyFilesBuildPhase section */

/* Begin PBXFileReference section */
		7D1B5C2F2395340E0061D0CF /* CustomTimeViewController.swift */ = {isa = PBXFileReference; lastKnownFileType = sourcecode.swift; path = CustomTimeViewController.swift; sourceTree = "<group>"; };
		7D1B5C33239934440061D0CF /* Dimness.swift */ = {isa = PBXFileReference; lastKnownFileType = sourcecode.swift; path = Dimness.swift; sourceTree = "<group>"; };
		7D1B5C362399AE770061D0CF /* NSWindow+Fade.swift */ = {isa = PBXFileReference; lastKnownFileType = sourcecode.swift; name = "NSWindow+Fade.swift"; path = "Nocturnal/Application/Extensions/NSWindow+Fade.swift"; sourceTree = SOURCE_ROOT; };
		7D1B5C38239A39BB0061D0CF /* StateManager.swift */ = {isa = PBXFileReference; lastKnownFileType = sourcecode.swift; path = StateManager.swift; sourceTree = "<group>"; };
		7D3E6F2623A0902700D88A16 /* LaunchAtLogin.framework.dSYM */ = {isa = PBXFileReference; lastKnownFileType = wrapper.dsym; name = LaunchAtLogin.framework.dSYM; path = Carthage/Build/Mac/LaunchAtLogin.framework.dSYM; sourceTree = "<group>"; };
		7D56898C235EFC5600A51FC5 /* Nocturnal-Bridging-Header.h */ = {isa = PBXFileReference; lastKnownFileType = sourcecode.c.h; path = "Nocturnal-Bridging-Header.h"; sourceTree = "<group>"; };
		7D56898D235EFCAE00A51FC5 /* CBBlueLightClient.h */ = {isa = PBXFileReference; lastKnownFileType = sourcecode.c.h; path = CBBlueLightClient.h; sourceTree = "<group>"; };
		7D67CB8324B2E72600FF330B /* Utils.swift */ = {isa = PBXFileReference; lastKnownFileType = sourcecode.swift; path = Utils.swift; sourceTree = "<group>"; };
		7D6A1021235F300100BB75EB /* CoreBrightness.framework */ = {isa = PBXFileReference; lastKnownFileType = wrapper.framework; name = CoreBrightness.framework; path = ../../../../../System/Library/PrivateFrameworks/CoreBrightness.framework; sourceTree = "<group>"; };
		7D6EE5D923A088C60011D52C /* Cartfile */ = {isa = PBXFileReference; lastKnownFileType = text; path = Cartfile; sourceTree = "<group>"; };
		7D6EE5DB23A088FB0011D52C /* LaunchAtLogin.framework */ = {isa = PBXFileReference; lastKnownFileType = wrapper.framework; name = LaunchAtLogin.framework; path = Carthage/Build/Mac/LaunchAtLogin.framework; sourceTree = "<group>"; };
		7D874588238BFA0F00A676F1 /* DimnessSliderView.swift */ = {isa = PBXFileReference; lastKnownFileType = sourcecode.swift; path = DimnessSliderView.swift; sourceTree = "<group>"; };
		7D87458A238BFB5A00A676F1 /* DimnessWindowController.swift */ = {isa = PBXFileReference; lastKnownFileType = sourcecode.swift; path = DimnessWindowController.swift; sourceTree = "<group>"; };
		7D8F091924AC7ECA003DA62E /* TouchBar.swift */ = {isa = PBXFileReference; lastKnownFileType = sourcecode.swift; path = TouchBar.swift; sourceTree = "<group>"; };
		7D980D8824B06B5F009FAF8B /* AboutViewController.swift */ = {isa = PBXFileReference; lastKnownFileType = sourcecode.swift; path = AboutViewController.swift; sourceTree = "<group>"; };
		7D980D8A24B18D9B009FAF8B /* MASShortcut.framework */ = {isa = PBXFileReference; lastKnownFileType = wrapper.framework; name = MASShortcut.framework; path = Carthage/Build/Mac/MASShortcut.framework; sourceTree = "<group>"; };
		7DA0D205248C88E200F9C6A9 /* TouchBarPrivateApi.h */ = {isa = PBXFileReference; lastKnownFileType = sourcecode.c.h; path = TouchBarPrivateApi.h; sourceTree = "<group>"; };
		7DA0D209248C9D8900F9C6A9 /* DFRFoundation.framework */ = {isa = PBXFileReference; lastKnownFileType = wrapper.framework; name = DFRFoundation.framework; path = ../../../../../System/Library/PrivateFrameworks/DFRFoundation.framework; sourceTree = "<group>"; };
		7DA5B1F3238BAC8000FE0597 /* MenuController.swift */ = {isa = PBXFileReference; lastKnownFileType = sourcecode.swift; path = MenuController.swift; sourceTree = "<group>"; };
		7DA5B1F5238BAD6F00FE0597 /* NightShiftSliderView.swift */ = {isa = PBXFileReference; lastKnownFileType = sourcecode.swift; path = NightShiftSliderView.swift; sourceTree = "<group>"; };
		7DA5B1F8238BAF9500FE0597 /* NightShift.swift */ = {isa = PBXFileReference; lastKnownFileType = sourcecode.swift; path = NightShift.swift; sourceTree = "<group>"; };
		7DF1F9292356AFAA0041E9CA /* Nocturnal.app */ = {isa = PBXFileReference; explicitFileType = wrapper.application; includeInIndex = 0; path = Nocturnal.app; sourceTree = BUILT_PRODUCTS_DIR; };
		7DF1F92C2356AFAA0041E9CA /* AppDelegate.swift */ = {isa = PBXFileReference; lastKnownFileType = sourcecode.swift; path = AppDelegate.swift; sourceTree = "<group>"; };
		7DF1F9302356AFB00041E9CA /* Assets.xcassets */ = {isa = PBXFileReference; lastKnownFileType = folder.assetcatalog; path = Assets.xcassets; sourceTree = "<group>"; };
		7DF1F9332356AFB00041E9CA /* Base */ = {isa = PBXFileReference; lastKnownFileType = file.storyboard; name = Base; path = Base.lproj/Main.storyboard; sourceTree = "<group>"; };
		7DF1F9352356AFB00041E9CA /* Info.plist */ = {isa = PBXFileReference; lastKnownFileType = text.plist.xml; path = Info.plist; sourceTree = "<group>"; };
		7DF1F9362356AFB00041E9CA /* Nocturnal.entitlements */ = {isa = PBXFileReference; lastKnownFileType = text.plist.entitlements; path = Nocturnal.entitlements; sourceTree = "<group>"; };
		7DF36EA6239E730C000CFB5A /* Shortcuts.swift */ = {isa = PBXFileReference; lastKnownFileType = sourcecode.swift; path = Shortcuts.swift; sourceTree = "<group>"; };
		7DF36EA9239EFB29000CFB5A /* PreferencesViewController.swift */ = {isa = PBXFileReference; lastKnownFileType = sourcecode.swift; path = PreferencesViewController.swift; sourceTree = "<group>"; };
		7DF36EAD239F6AED000CFB5A /* HyperLinkTextField.swift */ = {isa = PBXFileReference; lastKnownFileType = sourcecode.swift; name = HyperLinkTextField.swift; path = Nocturnal/Application/Preferences/HyperLinkTextField.swift; sourceTree = SOURCE_ROOT; };
/* End PBXFileReference section */

/* Begin PBXFrameworksBuildPhase section */
		7DF1F9262356AFAA0041E9CA /* Frameworks */ = {
			isa = PBXFrameworksBuildPhase;
			buildActionMask = 2147483647;
			files = (
				7D6EE5DC23A088FB0011D52C /* LaunchAtLogin.framework in Frameworks */,
				7DA0D20A248C9D8900F9C6A9 /* DFRFoundation.framework in Frameworks */,
				7D980D8B24B18D9B009FAF8B /* MASShortcut.framework in Frameworks */,
				7D6A1022235F300100BB75EB /* CoreBrightness.framework in Frameworks */,
			);
			runOnlyForDeploymentPostprocessing = 0;
		};
/* End PBXFrameworksBuildPhase section */

/* Begin PBXGroup section */
		7D56898E235EFD7D00A51FC5 /* Frameworks */ = {
			isa = PBXGroup;
			children = (
				7D980D8A24B18D9B009FAF8B /* MASShortcut.framework */,
				7DA0D209248C9D8900F9C6A9 /* DFRFoundation.framework */,
				7D3E6F2623A0902700D88A16 /* LaunchAtLogin.framework.dSYM */,
				7D6EE5DB23A088FB0011D52C /* LaunchAtLogin.framework */,
				7D6A1021235F300100BB75EB /* CoreBrightness.framework */,
			);
			name = Frameworks;
			sourceTree = "<group>";
		};
		7D6A1023235FADBD00BB75EB /* Headers */ = {
			isa = PBXGroup;
			children = (
				7D56898C235EFC5600A51FC5 /* Nocturnal-Bridging-Header.h */,
				7D56898D235EFCAE00A51FC5 /* CBBlueLightClient.h */,
				7DA0D205248C88E200F9C6A9 /* TouchBarPrivateApi.h */,
			);
			path = Headers;
			sourceTree = "<group>";
		};
		7DA0D208248C8BE300F9C6A9 /* TouchBar */ = {
			isa = PBXGroup;
			children = (
				7D8F091924AC7ECA003DA62E /* TouchBar.swift */,
			);
			path = TouchBar;
			sourceTree = "<group>";
		};
		7DA5B1F7238BAF6F00FE0597 /* Utils */ = {
			isa = PBXGroup;
			children = (
				7D67CB8324B2E72600FF330B /* Utils.swift */,
				7D1B5C33239934440061D0CF /* Dimness.swift */,
				7DA5B1F8238BAF9500FE0597 /* NightShift.swift */,
				7DF36EA6239E730C000CFB5A /* Shortcuts.swift */,
				7D1B5C38239A39BB0061D0CF /* StateManager.swift */,
			);
			path = Utils;
			sourceTree = "<group>";
		};
		7DF1F9202356AFA90041E9CA = {
			isa = PBXGroup;
			children = (
				7DF1F92B2356AFAA0041E9CA /* Nocturnal */,
				7D6EE5D923A088C60011D52C /* Cartfile */,
				7DF1F92A2356AFAA0041E9CA /* Products */,
				7D56898E235EFD7D00A51FC5 /* Frameworks */,
			);
			sourceTree = "<group>";
		};
		7DF1F92A2356AFAA0041E9CA /* Products */ = {
			isa = PBXGroup;
			children = (
				7DF1F9292356AFAA0041E9CA /* Nocturnal.app */,
			);
			name = Products;
			sourceTree = "<group>";
		};
		7DF1F92B2356AFAA0041E9CA /* Nocturnal */ = {
			isa = PBXGroup;
			children = (
				7D6A1023235FADBD00BB75EB /* Headers */,
				7DA5B1F7238BAF6F00FE0597 /* Utils */,
				7DF36E9E239E4FA9000CFB5A /* Application */,
				7DF1F9352356AFB00041E9CA /* Info.plist */,
				7DF1F9362356AFB00041E9CA /* Nocturnal.entitlements */,
				7DF1F9302356AFB00041E9CA /* Assets.xcassets */,
			);
			path = Nocturnal;
			sourceTree = "<group>";
		};
		7DF36E9E239E4FA9000CFB5A /* Application */ = {
			isa = PBXGroup;
			children = (
				7DA0D208248C8BE300F9C6A9 /* TouchBar */,
				7DF36E9F239E4FD1000CFB5A /* Main */,
				7DF36EA2239E5053000CFB5A /* Menu */,
				7DF36EA1239E501F000CFB5A /* Dimness */,
				7DF36EA0239E4FF8000CFB5A /* Custom Time */,
				7DF36EA8239EFAEB000CFB5A /* Preferences */,
				7DF36EA3239E50A6000CFB5A /* Extensions */,
			);
			path = Application;
			sourceTree = "<group>";
		};
		7DF36E9F239E4FD1000CFB5A /* Main */ = {
			isa = PBXGroup;
			children = (
				7DF1F92C2356AFAA0041E9CA /* AppDelegate.swift */,
				7DF1F9322356AFB00041E9CA /* Main.storyboard */,
			);
			path = Main;
			sourceTree = "<group>";
		};
		7DF36EA0239E4FF8000CFB5A /* Custom Time */ = {
			isa = PBXGroup;
			children = (
				7D1B5C2F2395340E0061D0CF /* CustomTimeViewController.swift */,
			);
			path = "Custom Time";
			sourceTree = "<group>";
		};
		7DF36EA1239E501F000CFB5A /* Dimness */ = {
			isa = PBXGroup;
			children = (
				7D87458A238BFB5A00A676F1 /* DimnessWindowController.swift */,
			);
			path = Dimness;
			sourceTree = "<group>";
		};
		7DF36EA2239E5053000CFB5A /* Menu */ = {
			isa = PBXGroup;
			children = (
				7D874588238BFA0F00A676F1 /* DimnessSliderView.swift */,
				7DA5B1F5238BAD6F00FE0597 /* NightShiftSliderView.swift */,
				7DA5B1F3238BAC8000FE0597 /* MenuController.swift */,
			);
			path = Menu;
			sourceTree = "<group>";
		};
		7DF36EA3239E50A6000CFB5A /* Extensions */ = {
			isa = PBXGroup;
			children = (
				7D1B5C362399AE770061D0CF /* NSWindow+Fade.swift */,
			);
			path = Extensions;
			sourceTree = "<group>";
		};
		7DF36EA8239EFAEB000CFB5A /* Preferences */ = {
			isa = PBXGroup;
			children = (
				7DF36EA9239EFB29000CFB5A /* PreferencesViewController.swift */,
				7DF36EAD239F6AED000CFB5A /* HyperLinkTextField.swift */,
				7D980D8824B06B5F009FAF8B /* AboutViewController.swift */,
			);
			path = Preferences;
			sourceTree = "<group>";
		};
/* End PBXGroup section */

/* Begin PBXNativeTarget section */
		7DF1F9282356AFAA0041E9CA /* Nocturnal */ = {
			isa = PBXNativeTarget;
			buildConfigurationList = 7DF1F9392356AFB00041E9CA /* Build configuration list for PBXNativeTarget "Nocturnal" */;
			buildPhases = (
				7DF1F9252356AFAA0041E9CA /* Sources */,
				7DF1F9262356AFAA0041E9CA /* Frameworks */,
				7DF1F9272356AFAA0041E9CA /* Resources */,
				7D568993235EFE4700A51FC5 /* Embed Frameworks */,
				7D6EE5DE23A089070011D52C /* CopyFiles */,
				7D6EE5E223A089F00011D52C /* ShellScript */,
			);
			buildRules = (
			);
			dependencies = (
			);
			name = Nocturnal;
			productName = Nocturnal;
			productReference = 7DF1F9292356AFAA0041E9CA /* Nocturnal.app */;
			productType = "com.apple.product-type.application";
		};
/* End PBXNativeTarget section */

/* Begin PBXProject section */
		7DF1F9212356AFA90041E9CA /* Project object */ = {
			isa = PBXProject;
			attributes = {
				LastSwiftUpdateCheck = 1110;
				LastUpgradeCheck = 1110;
				ORGANIZATIONNAME = "Joshua Jon";
				TargetAttributes = {
					7DF1F9282356AFAA0041E9CA = {
						CreatedOnToolsVersion = 11.1;
					};
				};
			};
			buildConfigurationList = 7DF1F9242356AFA90041E9CA /* Build configuration list for PBXProject "Nocturnal" */;
			compatibilityVersion = "Xcode 9.3";
			developmentRegion = en;
			hasScannedForEncodings = 0;
			knownRegions = (
				en,
				Base,
			);
			mainGroup = 7DF1F9202356AFA90041E9CA;
			productRefGroup = 7DF1F92A2356AFAA0041E9CA /* Products */;
			projectDirPath = "";
			projectRoot = "";
			targets = (
				7DF1F9282356AFAA0041E9CA /* Nocturnal */,
			);
		};
/* End PBXProject section */

/* Begin PBXResourcesBuildPhase section */
		7DF1F9272356AFAA0041E9CA /* Resources */ = {
			isa = PBXResourcesBuildPhase;
			buildActionMask = 2147483647;
			files = (
				7D6EE5DA23A088C60011D52C /* Cartfile in Resources */,
				7DF1F9312356AFB00041E9CA /* Assets.xcassets in Resources */,
				7DF1F9342356AFB00041E9CA /* Main.storyboard in Resources */,
			);
			runOnlyForDeploymentPostprocessing = 0;
		};
/* End PBXResourcesBuildPhase section */

/* Begin PBXShellScriptBuildPhase section */
		7D6EE5E223A089F00011D52C /* ShellScript */ = {
			isa = PBXShellScriptBuildPhase;
			buildActionMask = 2147483647;
			files = (
			);
			inputFileListPaths = (
			);
			inputPaths = (
			);
			outputFileListPaths = (
			);
			outputPaths = (
			);
			runOnlyForDeploymentPostprocessing = 0;
			shellPath = /bin/sh;
			shellScript = "\"${PROJECT_DIR}/Carthage/Build/Mac/LaunchAtLogin.framework/Resources/copy-helper.sh\"\n";
		};
/* End PBXShellScriptBuildPhase section */

/* Begin PBXSourcesBuildPhase section */
		7DF1F9252356AFAA0041E9CA /* Sources */ = {
			isa = PBXSourcesBuildPhase;
			buildActionMask = 2147483647;
			files = (
				7DA5B1F4238BAC8000FE0597 /* MenuController.swift in Sources */,
				7D87458B238BFB5A00A676F1 /* DimnessWindowController.swift in Sources */,
				7DF36EA7239E730C000CFB5A /* Shortcuts.swift in Sources */,
				7D1B5C302395340E0061D0CF /* CustomTimeViewController.swift in Sources */,
				7D1B5C39239A39BB0061D0CF /* StateManager.swift in Sources */,
				7DF36EAA239EFB29000CFB5A /* PreferencesViewController.swift in Sources */,
				7D1B5C372399AE770061D0CF /* NSWindow+Fade.swift in Sources */,
				7D1B5C34239934440061D0CF /* Dimness.swift in Sources */,
				7D67CB8424B2E72600FF330B /* Utils.swift in Sources */,
				7D8F091A24AC7ECA003DA62E /* TouchBar.swift in Sources */,
				7DF36EAE239F6AED000CFB5A /* HyperLinkTextField.swift in Sources */,
				7DA5B1F9238BAF9500FE0597 /* NightShift.swift in Sources */,
				7DF1F92D2356AFAA0041E9CA /* AppDelegate.swift in Sources */,
				7DA5B1F6238BAD6F00FE0597 /* NightShiftSliderView.swift in Sources */,
				7D980D8924B06B5F009FAF8B /* AboutViewController.swift in Sources */,
				7D874589238BFA0F00A676F1 /* DimnessSliderView.swift in Sources */,
			);
			runOnlyForDeploymentPostprocessing = 0;
		};
/* End PBXSourcesBuildPhase section */

/* Begin PBXVariantGroup section */
		7DF1F9322356AFB00041E9CA /* Main.storyboard */ = {
			isa = PBXVariantGroup;
			children = (
				7DF1F9332356AFB00041E9CA /* Base */,
			);
			name = Main.storyboard;
			sourceTree = "<group>";
		};
/* End PBXVariantGroup section */

/* Begin XCBuildConfiguration section */
		7DF1F9372356AFB00041E9CA /* Debug */ = {
			isa = XCBuildConfiguration;
			buildSettings = {
				ALWAYS_SEARCH_USER_PATHS = NO;
				CLANG_ANALYZER_NONNULL = YES;
				CLANG_ANALYZER_NUMBER_OBJECT_CONVERSION = YES_AGGRESSIVE;
				CLANG_CXX_LANGUAGE_STANDARD = "gnu++14";
				CLANG_CXX_LIBRARY = "libc++";
				CLANG_ENABLE_MODULES = YES;
				CLANG_ENABLE_OBJC_ARC = YES;
				CLANG_ENABLE_OBJC_WEAK = YES;
				CLANG_WARN_BLOCK_CAPTURE_AUTORELEASING = YES;
				CLANG_WARN_BOOL_CONVERSION = YES;
				CLANG_WARN_COMMA = YES;
				CLANG_WARN_CONSTANT_CONVERSION = YES;
				CLANG_WARN_DEPRECATED_OBJC_IMPLEMENTATIONS = YES;
				CLANG_WARN_DIRECT_OBJC_ISA_USAGE = YES_ERROR;
				CLANG_WARN_DOCUMENTATION_COMMENTS = YES;
				CLANG_WARN_EMPTY_BODY = YES;
				CLANG_WARN_ENUM_CONVERSION = YES;
				CLANG_WARN_INFINITE_RECURSION = YES;
				CLANG_WARN_INT_CONVERSION = YES;
				CLANG_WARN_NON_LITERAL_NULL_CONVERSION = YES;
				CLANG_WARN_OBJC_IMPLICIT_RETAIN_SELF = YES;
				CLANG_WARN_OBJC_LITERAL_CONVERSION = YES;
				CLANG_WARN_OBJC_ROOT_CLASS = YES_ERROR;
				CLANG_WARN_RANGE_LOOP_ANALYSIS = YES;
				CLANG_WARN_STRICT_PROTOTYPES = YES;
				CLANG_WARN_SUSPICIOUS_MOVE = YES;
				CLANG_WARN_UNGUARDED_AVAILABILITY = YES_AGGRESSIVE;
				CLANG_WARN_UNREACHABLE_CODE = YES;
				CLANG_WARN__DUPLICATE_METHOD_MATCH = YES;
				CODE_SIGN_INJECT_BASE_ENTITLEMENTS = NO;
				CODE_SIGN_STYLE = Manual;
				COPY_PHASE_STRIP = NO;
				DEBUG_INFORMATION_FORMAT = dwarf;
				ENABLE_STRICT_OBJC_MSGSEND = YES;
				ENABLE_TESTABILITY = YES;
				FRAMEWORK_SEARCH_PATHS = (
					"$(inherited)",
					"$(SYSTEM_LIBRARY_DIR)/PrivateFrameworks",
					"$(PROJECT_DIR)",
					"$(PROJECT_DIR)/Nocturnal",
				);
				GCC_C_LANGUAGE_STANDARD = gnu11;
				GCC_DYNAMIC_NO_PIC = NO;
				GCC_NO_COMMON_BLOCKS = YES;
				GCC_OPTIMIZATION_LEVEL = 0;
				GCC_PREPROCESSOR_DEFINITIONS = (
					"DEBUG=1",
					"$(inherited)",
				);
				GCC_WARN_64_TO_32_BIT_CONVERSION = YES;
				GCC_WARN_ABOUT_RETURN_TYPE = YES_ERROR;
				GCC_WARN_UNDECLARED_SELECTOR = YES;
				GCC_WARN_UNINITIALIZED_AUTOS = YES_AGGRESSIVE;
				GCC_WARN_UNUSED_FUNCTION = YES;
				GCC_WARN_UNUSED_VARIABLE = YES;
				MACOSX_DEPLOYMENT_TARGET = 10.13;
				MTL_ENABLE_DEBUG_INFO = INCLUDE_SOURCE;
				MTL_FAST_MATH = YES;
				ONLY_ACTIVE_ARCH = YES;
				SDKROOT = macosx;
				SWIFT_ACTIVE_COMPILATION_CONDITIONS = DEBUG;
				SWIFT_OBJC_BRIDGING_HEADER = "Nocturnal/Nocturnal-Bridging-Header.h";
				SWIFT_OPTIMIZATION_LEVEL = "-Onone";
			};
			name = Debug;
		};
		7DF1F9382356AFB00041E9CA /* Release */ = {
			isa = XCBuildConfiguration;
			buildSettings = {
				ALWAYS_SEARCH_USER_PATHS = NO;
				CLANG_ANALYZER_NONNULL = YES;
				CLANG_ANALYZER_NUMBER_OBJECT_CONVERSION = YES_AGGRESSIVE;
				CLANG_CXX_LANGUAGE_STANDARD = "gnu++14";
				CLANG_CXX_LIBRARY = "libc++";
				CLANG_ENABLE_MODULES = YES;
				CLANG_ENABLE_OBJC_ARC = YES;
				CLANG_ENABLE_OBJC_WEAK = YES;
				CLANG_WARN_BLOCK_CAPTURE_AUTORELEASING = YES;
				CLANG_WARN_BOOL_CONVERSION = YES;
				CLANG_WARN_COMMA = YES;
				CLANG_WARN_CONSTANT_CONVERSION = YES;
				CLANG_WARN_DEPRECATED_OBJC_IMPLEMENTATIONS = YES;
				CLANG_WARN_DIRECT_OBJC_ISA_USAGE = YES_ERROR;
				CLANG_WARN_DOCUMENTATION_COMMENTS = YES;
				CLANG_WARN_EMPTY_BODY = YES;
				CLANG_WARN_ENUM_CONVERSION = YES;
				CLANG_WARN_INFINITE_RECURSION = YES;
				CLANG_WARN_INT_CONVERSION = YES;
				CLANG_WARN_NON_LITERAL_NULL_CONVERSION = YES;
				CLANG_WARN_OBJC_IMPLICIT_RETAIN_SELF = YES;
				CLANG_WARN_OBJC_LITERAL_CONVERSION = YES;
				CLANG_WARN_OBJC_ROOT_CLASS = YES_ERROR;
				CLANG_WARN_RANGE_LOOP_ANALYSIS = YES;
				CLANG_WARN_STRICT_PROTOTYPES = YES;
				CLANG_WARN_SUSPICIOUS_MOVE = YES;
				CLANG_WARN_UNGUARDED_AVAILABILITY = YES_AGGRESSIVE;
				CLANG_WARN_UNREACHABLE_CODE = YES;
				CLANG_WARN__DUPLICATE_METHOD_MATCH = YES;
				CODE_SIGN_INJECT_BASE_ENTITLEMENTS = NO;
				CODE_SIGN_STYLE = Manual;
				COPY_PHASE_STRIP = NO;
				DEBUG_INFORMATION_FORMAT = "dwarf-with-dsym";
				ENABLE_NS_ASSERTIONS = NO;
				ENABLE_STRICT_OBJC_MSGSEND = YES;
				FRAMEWORK_SEARCH_PATHS = (
					"$(inherited)",
					"$(SYSTEM_LIBRARY_DIR)/PrivateFrameworks",
					"$(PROJECT_DIR)",
					"$(PROJECT_DIR)/Nocturnal",
				);
				GCC_C_LANGUAGE_STANDARD = gnu11;
				GCC_NO_COMMON_BLOCKS = YES;
				GCC_WARN_64_TO_32_BIT_CONVERSION = YES;
				GCC_WARN_ABOUT_RETURN_TYPE = YES_ERROR;
				GCC_WARN_UNDECLARED_SELECTOR = YES;
				GCC_WARN_UNINITIALIZED_AUTOS = YES_AGGRESSIVE;
				GCC_WARN_UNUSED_FUNCTION = YES;
				GCC_WARN_UNUSED_VARIABLE = YES;
				MACOSX_DEPLOYMENT_TARGET = 10.13;
				MTL_ENABLE_DEBUG_INFO = NO;
				MTL_FAST_MATH = YES;
				SDKROOT = macosx;
				SWIFT_COMPILATION_MODE = wholemodule;
				SWIFT_OBJC_BRIDGING_HEADER = "Nocturnal/Nocturnal-Bridging-Header.h";
				SWIFT_OPTIMIZATION_LEVEL = "-O";
			};
			name = Release;
		};
		7DF1F93A2356AFB00041E9CA /* Debug */ = {
			isa = XCBuildConfiguration;
			buildSettings = {
				ASSETCATALOG_COMPILER_APPICON_NAME = AppIcon;
				CODE_SIGN_ENTITLEMENTS = Nocturnal/Nocturnal.entitlements;
				CODE_SIGN_IDENTITY = "-";
				CODE_SIGN_INJECT_BASE_ENTITLEMENTS = NO;
				CODE_SIGN_STYLE = Manual;
				COMBINE_HIDPI_IMAGES = YES;
				DEVELOPMENT_ASSET_PATHS = "";
				DEVELOPMENT_TEAM = "";
				ENABLE_HARDENED_RUNTIME = YES;
				FRAMEWORK_SEARCH_PATHS = (
					"$(inherited)",
					"$(SYSTEM_LIBRARY_DIR)/PrivateFrameworks",
					"$(PROJECT_DIR)",
					"$(PROJECT_DIR)/Nocturnal",
					"$(PROJECT_DIR)/Carthage/Build/Mac",
				);
				INFOPLIST_FILE = Nocturnal/Info.plist;
				LD_RUNPATH_SEARCH_PATHS = (
					"$(inherited)",
					"@executable_path/../Frameworks",
				);
				LIBRARY_SEARCH_PATHS = (
					"$(inherited)",
					"$(SYSTEM_LIBRARY_DIR)/PrivateFrameworks/CoreBrightness.framework/Versions/A",
				);
				MACOSX_DEPLOYMENT_TARGET = 10.13;
				MARKETING_VERSION = 1.1.1;
				PRODUCT_BUNDLE_IDENTIFIER = com.joshua.jon.Nocturnal;
				PRODUCT_NAME = "$(TARGET_NAME)";
				PROVISIONING_PROFILE_SPECIFIER = "";
				SWIFT_OBJC_BRIDGING_HEADER = "Nocturnal/Headers/Nocturnal-Bridging-Header.h";
				SWIFT_VERSION = 5.0;
			};
			name = Debug;
		};
		7DF1F93B2356AFB00041E9CA /* Release */ = {
			isa = XCBuildConfiguration;
			buildSettings = {
				ASSETCATALOG_COMPILER_APPICON_NAME = AppIcon;
				CODE_SIGN_ENTITLEMENTS = Nocturnal/Nocturnal.entitlements;
				CODE_SIGN_IDENTITY = "-";
				CODE_SIGN_INJECT_BASE_ENTITLEMENTS = NO;
				CODE_SIGN_STYLE = Manual;
				COMBINE_HIDPI_IMAGES = YES;
				DEVELOPMENT_ASSET_PATHS = "";
				DEVELOPMENT_TEAM = "";
				ENABLE_HARDENED_RUNTIME = YES;
				FRAMEWORK_SEARCH_PATHS = (
					"$(inherited)",
					"$(SYSTEM_LIBRARY_DIR)/PrivateFrameworks",
					"$(PROJECT_DIR)",
					"$(PROJECT_DIR)/Nocturnal",
					"$(PROJECT_DIR)/Carthage/Build/Mac",
				);
				INFOPLIST_FILE = Nocturnal/Info.plist;
				LD_RUNPATH_SEARCH_PATHS = (
					"$(inherited)",
					"@executable_path/../Frameworks",
				);
				LIBRARY_SEARCH_PATHS = (
					"$(inherited)",
					"$(SYSTEM_LIBRARY_DIR)/PrivateFrameworks/CoreBrightness.framework/Versions/A",
				);
				MACOSX_DEPLOYMENT_TARGET = 10.13;
				MARKETING_VERSION = 1.1.1;
				PRODUCT_BUNDLE_IDENTIFIER = com.joshua.jon.Nocturnal;
				PRODUCT_NAME = "$(TARGET_NAME)";
				PROVISIONING_PROFILE_SPECIFIER = "";
				SWIFT_OBJC_BRIDGING_HEADER = "Nocturnal/Headers/Nocturnal-Bridging-Header.h";
				SWIFT_VERSION = 5.0;
			};
			name = Release;
		};
/* End XCBuildConfiguration section */

/* Begin XCConfigurationList section */
		7DF1F9242356AFA90041E9CA /* Build configuration list for PBXProject "Nocturnal" */ = {
			isa = XCConfigurationList;
			buildConfigurations = (
				7DF1F9372356AFB00041E9CA /* Debug */,
				7DF1F9382356AFB00041E9CA /* Release */,
			);
			defaultConfigurationIsVisible = 0;
			defaultConfigurationName = Release;
		};
		7DF1F9392356AFB00041E9CA /* Build configuration list for PBXNativeTarget "Nocturnal" */ = {
			isa = XCConfigurationList;
			buildConfigurations = (
				7DF1F93A2356AFB00041E9CA /* Debug */,
				7DF1F93B2356AFB00041E9CA /* Release */,
			);
			defaultConfigurationIsVisible = 0;
			defaultConfigurationName = Release;
		};
/* End XCConfigurationList section */
	};
	rootObject = 7DF1F9212356AFA90041E9CA /* Project object */;
}
